
Microsoft Visual Studio Solution File, Format Version 12.00
# Visual Studio 14
VisualStudioVersion = 14.0.25420.1
MinimumVisualStudioVersion = 10.0.40219.1
Project("{FAE04EC0-301F-11D3-BF4B-00C04F79EFBC}") = "Fractalize", "Fractalize\Fractalize.csproj", "{1C80DC88-3C3A-4148-BAAA-809246E4B12C}"
EndProject
Project("{FAE04EC0-301F-11D3-BF4B-00C04F79EFBC}") = "FractalDraw", "FractalDraw\FractalDraw.csproj", "{189C888B-1678-4AE9-AC07-C4E987BDFB41}"
EndProject
Global
	GlobalSection(SolutionConfigurationPlatforms) = preSolution
		Debug|Any CPU = Debug|Any CPU
		Release|Any CPU = Release|Any CPU
	EndGlobalSection
	GlobalSection(ProjectConfigurationPlatforms) = postSolution
		{1C80DC88-3C3A-4148-BAAA-809246E4B12C}.Debug|Any CPU.ActiveCfg = Debug|Any CPU
		{1C80DC88-3C3A-4148-BAAA-809246E4B12C}.Debug|Any CPU.Build.0 = Debug|Any CPU
		{1C80DC88-3C3A-4148-BAAA-809246E4B12C}.Release|Any CPU.ActiveCfg = Release|Any CPU
		{1C80DC88-3C3A-4148-BAAA-809246E4B12C}.Release|Any CPU.Build.0 = Release|Any CPU
		{189C888B-1678-4AE9-AC07-C4E987BDFB41}.Debug|Any CPU.ActiveCfg = Debug|Any CPU
		{189C888B-1678-4AE9-AC07-C4E987BDFB41}.Debug|Any CPU.Build.0 = Debug|Any CPU
		{189C888B-1678-4AE9-AC07-C4E987BDFB41}.Release|Any CPU.ActiveCfg = Release|Any CPU
		{189C888B-1678-4AE9-AC07-C4E987BDFB41}.Release|Any CPU.Build.0 = Release|Any CPU
	EndGlobalSection
	GlobalSection(SolutionProperties) = preSolution
		HideSolutionNode = FALSE
	EndGlobalSection
EndGlobal
