
Microsoft Visual Studio Solution File, Format Version 10.00
# Visual Studio 2008
Project("{FAE04EC0-301F-11D3-BF4B-00C04F79EFBC}") = "UtilLib", "UtilLib.csproj", "{E18D029F-0ECE-40CF-805B-DE7FF3CDF02B}"
EndProject
Global
	GlobalSection(SolutionConfigurationPlatforms) = preSolution
		Debug|Any CPU = Debug|Any CPU
		Release|Any CPU = Release|Any CPU
	EndGlobalSection
	GlobalSection(ProjectConfigurationPlatforms) = postSolution
		{E18D029F-0ECE-40CF-805B-DE7FF3CDF02B}.Debug|Any CPU.ActiveCfg = Debug|Any CPU
		{E18D029F-0ECE-40CF-805B-DE7FF3CDF02B}.Debug|Any CPU.Build.0 = Debug|Any CPU
		{E18D029F-0ECE-40CF-805B-DE7FF3CDF02B}.Release|Any CPU.ActiveCfg = Release|Any CPU
		{E18D029F-0ECE-40CF-805B-DE7FF3CDF02B}.Release|Any CPU.Build.0 = Release|Any CPU
	EndGlobalSection
	GlobalSection(SolutionProperties) = preSolution
		HideSolutionNode = FALSE
	EndGlobalSection
EndGlobal
